
Microsoft Visual Studio Solution File, Format Version 12.00
# Visual Studio Version 17
VisualStudioVersion = 17.5.002.0
MinimumVisualStudioVersion = 10.0.40219.1
Project("{9A19103F-16F7-4668-BE54-9A1E7A4F7556}") = "HelloWorld-Lab03", "HelloWorld-Lab03.csproj", "{3FB5665E-66B8-4784-8987-22B773C5DAF2}"
EndProject
Global
	GlobalSection(SolutionConfigurationPlatforms) = preSolution
		Debug|Any CPU = Debug|Any CPU
		Release|Any CPU = Release|Any CPU
	EndGlobalSection
	GlobalSection(ProjectConfigurationPlatforms) = postSolution
		{3FB5665E-66B8-4784-8987-22B773C5DAF2}.Debug|Any CPU.ActiveCfg = Debug|Any CPU
		{3FB5665E-66B8-4784-8987-22B773C5DAF2}.Debug|Any CPU.Build.0 = Debug|Any CPU
		{3FB5665E-66B8-4784-8987-22B773C5DAF2}.Release|Any CPU.ActiveCfg = Release|Any CPU
		{3FB5665E-66B8-4784-8987-22B773C5DAF2}.Release|Any CPU.Build.0 = Release|Any CPU
	EndGlobalSection
	GlobalSection(SolutionProperties) = preSolution
		HideSolutionNode = FALSE
	EndGlobalSection
	GlobalSection(ExtensibilityGlobals) = postSolution
		SolutionGuid = {AFE20705-37CA-4AD5-AD59-1B50BC87887F}
	EndGlobalSection
EndGlobal
